
Microsoft Visual Studio Solution File, Format Version 12.00
# Visual Studio 15
VisualStudioVersion = 15.0.28307.329
MinimumVisualStudioVersion = 10.0.40219.1
Global
	GlobalSection(CrmCodeGeneration) = preSolution
		UseSSL = False
		UseIFD = False
		UseOnline = False
		UseOffice365 = False
		ServerName = 
		ServerPort = 
		HomeRealm = 
		Domain = 
		Organization = DEV-CRM
		IncludeEntities = account,contact,lead,opportunity,systemuser
		IncludeNonStandard = False
	EndGlobalSection
	GlobalSection(SolutionProperties) = preSolution
		HideSolutionNode = FALSE
	EndGlobalSection
	GlobalSection(ExtensibilityGlobals) = postSolution
		SolutionGuid = {CAED5896-9E8B-427A-9E5F-05D01E3000D1}
	EndGlobalSection
EndGlobal
